{
  "name": "generic-ts-utils",
  "version": "1.0.0",
  "lockfileVersion": 1,
  "requires": true,
  "dependencies": {
    "chrono-node": {
      "version": "1.4.6",
      "resolved": "https://registry.npmjs.org/chrono-node/-/chrono-node-1.4.6.tgz",
      "integrity": "sha512-CBUbwkj2gRdCSacmJ4UvKOSsSjW5jWce3kiruZSMgmGf7FKwc2ERat32yPSqJDR8aDeA0lUJxiDzZRhXZmXBqw==",
      "requires": {
        "dayjs": "^1.8.19"
      }
    },
    "dayjs": {
      "version": "1.8.27",
      "resolved": "https://registry.npmjs.org/dayjs/-/dayjs-1.8.27.tgz",
      "integrity": "sha512-Jpa2acjWIeOkg8KURUHICk0EqnEFSSF5eMEscsOgyJ92ZukXwmpmRkPSUka7KHSfbj5eKH30ieosYip+ky9emQ=="
    },
    "typescript": {
      "version": "3.9.3",
      "resolved": "https://registry.npmjs.org/typescript/-/typescript-3.9.3.tgz",
      "integrity": "sha512-D/wqnB2xzNFIcoBG9FG8cXRDjiqSTbG2wd8DMZeQyJlP1vfTkIxH4GKveWaEBYySKIg+USu+E+EDIR47SqnaMQ==",
      "dev": true
    }
  }
}
